{
  "version": 4,
  "terraform_version": "1.0.9",
  "serial": 31,
  "lineage": "4abfc4e4-5064-c5a1-16a5-199c4506f14e",
  "outputs": {},
  "resources": [
    {
      "module": "module.stage",
      "mode": "data",
      "type": "aws_ami",
      "name": "amzn",
      "provider": "module.stage.provider[\"registry.terraform.io/hashicorp/aws\"]",
      "instances": [
        {
          "schema_version": 0,
          "attributes": {
            "architecture": "x86_64",
            "arn": "arn:aws:ec2:ap-northeast-2::image/ami-04e8dfc09b22389ad",
            "block_device_mappings": [
              {
                "device_name": "/dev/xvda",
                "ebs": {
                  "delete_on_termination": "true",
                  "encrypted": "false",
                  "iops": "0",
                  "snapshot_id": "snap-084365656ac521592",
                  "throughput": "0",
                  "volume_size": "8",
                  "volume_type": "gp2"
                },
                "no_device": "",
                "virtual_name": ""
              }
            ],
            "creation_date": "2021-10-12T14:13:53.000Z",
            "description": "Amazon Linux 2 AMI 2.0.20211005.0 x86_64 HVM gp2",
            "ena_support": true,
            "executable_users": null,
            "filter": [
              {
                "name": "name",
                "values": [
                  "amzn2-ami-hvm-*-x86_64-gp2"
                ]
              },
              {
                "name": "virtualization-type",
                "values": [
                  "hvm"
                ]
              }
            ],
            "hypervisor": "xen",
            "id": "ami-04e8dfc09b22389ad",
            "image_id": "ami-04e8dfc09b22389ad",
            "image_location": "amazon/amzn2-ami-hvm-2.0.20211005.0-x86_64-gp2",
            "image_owner_alias": "amazon",
            "image_type": "machine",
            "kernel_id": null,
            "most_recent": true,
            "name": "amzn2-ami-hvm-2.0.20211005.0-x86_64-gp2",
            "name_regex": null,
            "owner_id": "137112412989",
            "owners": [
              "amazon"
            ],
            "platform": null,
            "platform_details": "Linux/UNIX",
            "product_codes": [],
            "public": true,
            "ramdisk_id": null,
            "root_device_name": "/dev/xvda",
            "root_device_type": "ebs",
            "root_snapshot_id": "snap-084365656ac521592",
            "sriov_net_support": "simple",
            "state": "available",
            "state_reason": {
              "code": "UNSET",
              "message": "UNSET"
            },
            "tags": {},
            "usage_operation": "RunInstances",
            "virtualization_type": "hvm"
          },
          "sensitive_attributes": []
        }
      ]
    },
    {
      "module": "module.stage",
      "mode": "managed",
      "type": "aws_ami_from_instance",
      "name": "kang_ami",
      "provider": "module.stage.provider[\"registry.terraform.io/hashicorp/aws\"]",
      "instances": [
        {
          "schema_version": 0,
          "attributes": {
            "architecture": "x86_64",
            "arn": "arn:aws:ec2:ap-northeast-2::image/ami-03cee3fd169b7933e",
            "description": "",
            "ebs_block_device": [
              {
                "delete_on_termination": true,
                "device_name": "/dev/xvda",
                "encrypted": false,
                "iops": 0,
                "snapshot_id": "snap-032f5558ab6308b47",
                "throughput": 0,
                "volume_size": 8,
                "volume_type": "gp2"
              }
            ],
            "ena_support": true,
            "ephemeral_block_device": [],
            "hypervisor": "xen",
            "id": "ami-03cee3fd169b7933e",
            "image_location": "560971842042/kang-ami",
            "image_owner_alias": "",
            "image_type": "machine",
            "kernel_id": "",
            "manage_ebs_snapshots": true,
            "name": "kang-ami",
            "owner_id": "560971842042",
            "platform": "",
            "platform_details": "Linux/UNIX",
            "public": false,
            "ramdisk_id": "",
            "root_device_name": "/dev/xvda",
            "root_snapshot_id": "snap-032f5558ab6308b47",
            "snapshot_without_reboot": null,
            "source_instance_id": "i-0931822ae9e34609d",
            "sriov_net_support": "simple",
            "tags": null,
            "tags_all": {},
            "timeouts": null,
            "usage_operation": "RunInstances",
            "virtualization_type": "hvm"
          },
          "sensitive_attributes": [],
          "private": "eyJlMmJmYjczMC1lY2FhLTExZTYtOGY4OC0zNDM2M2JjN2M0YzAiOnsiY3JlYXRlIjoyNDAwMDAwMDAwMDAwLCJkZWxldGUiOjU0MDAwMDAwMDAwMDAsInVwZGF0ZSI6MjQwMDAwMDAwMDAwMH19",
          "dependencies": [
            "module.stage.aws_instance.kang_weba",
            "module.stage.aws_security_group.kang_websg",
            "module.stage.aws_subnet.kang_pub",
            "module.stage.aws_vpc.kang_vpc"
          ],
          "create_before_destroy": true
        }
      ]
    },
    {
      "module": "module.stage",
      "mode": "managed",
      "type": "aws_autoscaling_attachment",
      "name": "kang_atatt",
      "provider": "module.stage.provider[\"registry.terraform.io/hashicorp/aws\"]",
      "instances": [
        {
          "schema_version": 0,
          "attributes": {
            "alb_target_group_arn": "arn:aws:elasticloadbalancing:ap-northeast-2:560971842042:targetgroup/kang-lbtg/952be0d38ffee682",
            "autoscaling_group_name": "kang-atsg",
            "elb": null,
            "id": "kang-atsg-20211102012412092700000002"
          },
          "sensitive_attributes": [],
          "private": "bnVsbA==",
          "dependencies": [
            "module.stage.aws_ami_from_instance.kang_ami",
            "module.stage.aws_autoscaling_group.kang_atsg",
            "module.stage.aws_instance.kang_weba",
            "module.stage.aws_launch_configuration.kang_lacf",
            "module.stage.aws_lb_target_group.kang_lbtg",
            "module.stage.aws_security_group.kang_websg",
            "module.stage.aws_subnet.kang_pub",
            "module.stage.aws_vpc.kang_vpc"
          ]
        }
      ]
    },
    {
      "module": "module.stage",
      "mode": "managed",
      "type": "aws_autoscaling_group",
      "name": "kang_atsg",
      "provider": "module.stage.provider[\"registry.terraform.io/hashicorp/aws\"]",
      "instances": [
        {
          "schema_version": 0,
          "attributes": {
            "arn": "arn:aws:autoscaling:ap-northeast-2:560971842042:autoScalingGroup:146ba896-e15d-46fd-8a93-48b587e57c6f:autoScalingGroupName/kang-atsg",
            "availability_zones": [
              "ap-northeast-2a",
              "ap-northeast-2c"
            ],
            "capacity_rebalance": false,
            "default_cooldown": 300,
            "desired_capacity": 2,
            "enabled_metrics": null,
            "force_delete": true,
            "force_delete_warm_pool": false,
            "health_check_grace_period": 300,
            "health_check_type": "ELB",
            "id": "kang-atsg",
            "initial_lifecycle_hook": [],
            "instance_refresh": [],
            "launch_configuration": "kang-web",
            "launch_template": [],
            "load_balancers": null,
            "max_instance_lifetime": 0,
            "max_size": 10,
            "metrics_granularity": "1Minute",
            "min_elb_capacity": null,
            "min_size": 2,
            "mixed_instances_policy": [],
            "name": "kang-atsg",
            "name_prefix": "",
            "placement_group": "",
            "protect_from_scale_in": false,
            "service_linked_role_arn": "arn:aws:iam::560971842042:role/aws-service-role/autoscaling.amazonaws.com/AWSServiceRoleForAutoScaling",
            "suspended_processes": null,
            "tag": [],
            "tags": null,
            "target_group_arns": null,
            "termination_policies": null,
            "timeouts": null,
            "vpc_zone_identifier": [
              "subnet-0513e8b2a3fc3d637",
              "subnet-0b919eb7658c1cf12"
            ],
            "wait_for_capacity_timeout": "10m",
            "wait_for_elb_capacity": null,
            "warm_pool": []
          },
          "sensitive_attributes": [],
          "private": "eyJlMmJmYjczMC1lY2FhLTExZTYtOGY4OC0zNDM2M2JjN2M0YzAiOnsiZGVsZXRlIjo2MDAwMDAwMDAwMDB9fQ==",
          "dependencies": [
            "module.stage.aws_ami_from_instance.kang_ami",
            "module.stage.aws_instance.kang_weba",
            "module.stage.aws_launch_configuration.kang_lacf",
            "module.stage.aws_security_group.kang_websg",
            "module.stage.aws_subnet.kang_pub",
            "module.stage.aws_vpc.kang_vpc"
          ]
        }
      ]
    },
    {
      "module": "module.stage",
      "mode": "managed",
      "type": "aws_db_instance",
      "name": "kang_mydb",
      "provider": "module.stage.provider[\"registry.terraform.io/hashicorp/aws\"]",
      "instances": [
        {
          "schema_version": 1,
          "attributes": {
            "address": "mydb.ckvfjfutrkfo.ap-northeast-2.rds.amazonaws.com",
            "allocated_storage": 20,
            "allow_major_version_upgrade": null,
            "apply_immediately": null,
            "arn": "arn:aws:rds:ap-northeast-2:560971842042:db:mydb",
            "auto_minor_version_upgrade": true,
            "availability_zone": "ap-northeast-2c",
            "backup_retention_period": 0,
            "backup_window": "13:26-13:56",
            "ca_cert_identifier": "rds-ca-2019",
            "character_set_name": "",
            "copy_tags_to_snapshot": false,
            "customer_owned_ip_enabled": false,
            "db_subnet_group_name": "kang-group",
            "delete_automated_backups": true,
            "deletion_protection": false,
            "domain": "",
            "domain_iam_role_name": "",
            "enabled_cloudwatch_logs_exports": null,
            "endpoint": "mydb.ckvfjfutrkfo.ap-northeast-2.rds.amazonaws.com:3306",
            "engine": "mysql",
            "engine_version": "8.0",
            "engine_version_actual": "8.0.23",
            "final_snapshot_identifier": null,
            "hosted_zone_id": "ZLA2NUCOLGUUR",
            "iam_database_authentication_enabled": false,
            "id": "mydb",
            "identifier": "mydb",
            "identifier_prefix": null,
            "instance_class": "db.t2.micro",
            "iops": 0,
            "kms_key_id": "",
            "latest_restorable_time": "0001-01-01T00:00:00Z",
            "license_model": "general-public-license",
            "maintenance_window": "thu:19:54-thu:20:24",
            "max_allocated_storage": 0,
            "monitoring_interval": 0,
            "monitoring_role_arn": "",
            "multi_az": false,
            "name": "mydb",
            "nchar_character_set_name": "",
            "option_group_name": "default:mysql-8-0",
            "parameter_group_name": "default.mysql8.0",
            "password": "It12345!",
            "performance_insights_enabled": false,
            "performance_insights_kms_key_id": "",
            "performance_insights_retention_period": 0,
            "port": 3306,
            "publicly_accessible": false,
            "replica_mode": "",
            "replicas": [],
            "replicate_source_db": "",
            "resource_id": "db-MG5LMJUDVLNQW2EJMC637EWDVI",
            "restore_to_point_in_time": [],
            "s3_import": [],
            "security_group_names": null,
            "skip_final_snapshot": true,
            "snapshot_identifier": null,
            "status": "available",
            "storage_encrypted": false,
            "storage_type": "gp2",
            "tags": {
              "Name": "kang-mydb"
            },
            "tags_all": {
              "Name": "kang-mydb"
            },
            "timeouts": null,
            "timezone": "",
            "username": "admin",
            "vpc_security_group_ids": [
              "sg-0842a9d5b30056430"
            ]
          },
          "sensitive_attributes": [],
          "private": "eyJlMmJmYjczMC1lY2FhLTExZTYtOGY4OC0zNDM2M2JjN2M0YzAiOnsiY3JlYXRlIjoyNDAwMDAwMDAwMDAwLCJkZWxldGUiOjM2MDAwMDAwMDAwMDAsInVwZGF0ZSI6NDgwMDAwMDAwMDAwMH0sInNjaGVtYV92ZXJzaW9uIjoiMSJ9",
          "dependencies": [
            "module.stage.aws_db_subnet_group.kang_dbsn",
            "module.stage.aws_security_group.kang_websg",
            "module.stage.aws_subnet.kang_pridb",
            "module.stage.aws_vpc.kang_vpc"
          ]
        }
      ]
    },
    {
      "module": "module.stage",
      "mode": "managed",
      "type": "aws_db_subnet_group",
      "name": "kang_dbsn",
      "provider": "module.stage.provider[\"registry.terraform.io/hashicorp/aws\"]",
      "instances": [
        {
          "schema_version": 0,
          "attributes": {
            "arn": "arn:aws:rds:ap-northeast-2:560971842042:subgrp:kang-group",
            "description": "Managed by Terraform",
            "id": "kang-group",
            "name": "kang-group",
            "name_prefix": null,
            "subnet_ids": [
              "subnet-04f1879e324166800",
              "subnet-0bda2b73f7ac5fb65"
            ],
            "tags": {
              "Name": "kang-group"
            },
            "tags_all": {
              "Name": "kang-group"
            }
          },
          "sensitive_attributes": [],
          "private": "bnVsbA==",
          "dependencies": [
            "module.stage.aws_subnet.kang_pridb",
            "module.stage.aws_vpc.kang_vpc"
          ]
        }
      ]
    },
    {
      "module": "module.stage",
      "mode": "managed",
      "type": "aws_eip",
      "name": "kang_web_eip",
      "provider": "module.stage.provider[\"registry.terraform.io/hashicorp/aws\"]",
      "instances": [
        {
          "schema_version": 0,
          "attributes": {
            "address": null,
            "allocation_id": null,
            "associate_with_private_ip": "10.0.0.11",
            "association_id": "eipassoc-058154111d0a031aa",
            "carrier_ip": "",
            "customer_owned_ip": "",
            "customer_owned_ipv4_pool": "",
            "domain": "vpc",
            "id": "eipalloc-057c5a6b4b4e3e983",
            "instance": "i-0931822ae9e34609d",
            "network_border_group": "ap-northeast-2",
            "network_interface": "eni-0428e642315f265df",
            "private_dns": "ip-10-0-0-11.ap-northeast-2.compute.internal",
            "private_ip": "10.0.0.11",
            "public_dns": "ec2-3-36-201-102.ap-northeast-2.compute.amazonaws.com",
            "public_ip": "3.36.201.102",
            "public_ipv4_pool": "amazon",
            "tags": null,
            "tags_all": {},
            "timeouts": null,
            "vpc": true
          },
          "sensitive_attributes": [],
          "private": "eyJlMmJmYjczMC1lY2FhLTExZTYtOGY4OC0zNDM2M2JjN2M0YzAiOnsiZGVsZXRlIjoxODAwMDAwMDAwMDAsInJlYWQiOjkwMDAwMDAwMDAwMCwidXBkYXRlIjozMDAwMDAwMDAwMDB9fQ==",
          "dependencies": [
            "module.stage.aws_instance.kang_weba",
            "module.stage.aws_internet_gateway.kang_ig",
            "module.stage.aws_security_group.kang_websg",
            "module.stage.aws_subnet.kang_pub",
            "module.stage.aws_vpc.kang_vpc"
          ]
        }
      ]
    },
    {
      "module": "module.stage",
      "mode": "managed",
      "type": "aws_eip",
      "name": "lb_ip_a",
      "provider": "module.stage.provider[\"registry.terraform.io/hashicorp/aws\"]",
      "instances": [
        {
          "schema_version": 0,
          "attributes": {
            "address": null,
            "allocation_id": null,
            "associate_with_private_ip": null,
            "association_id": "",
            "carrier_ip": "",
            "customer_owned_ip": "",
            "customer_owned_ipv4_pool": "",
            "domain": "vpc",
            "id": "eipalloc-05ce6397d749db681",
            "instance": "",
            "network_border_group": "ap-northeast-2",
            "network_interface": "",
            "private_dns": null,
            "private_ip": "",
            "public_dns": "ec2-3-36-238-88.ap-northeast-2.compute.amazonaws.com",
            "public_ip": "3.36.238.88",
            "public_ipv4_pool": "amazon",
            "tags": null,
            "tags_all": {},
            "timeouts": null,
            "vpc": true
          },
          "sensitive_attributes": [],
          "private": "eyJlMmJmYjczMC1lY2FhLTExZTYtOGY4OC0zNDM2M2JjN2M0YzAiOnsiZGVsZXRlIjoxODAwMDAwMDAwMDAsInJlYWQiOjkwMDAwMDAwMDAwMCwidXBkYXRlIjozMDAwMDAwMDAwMDB9fQ=="
        }
      ]
    },
    {
      "module": "module.stage",
      "mode": "managed",
      "type": "aws_instance",
      "name": "kang_weba",
      "provider": "module.stage.provider[\"registry.terraform.io/hashicorp/aws\"]",
      "instances": [
        {
          "schema_version": 1,
          "attributes": {
            "ami": "ami-0e4a9ad2eb120e054",
            "arn": "arn:aws:ec2:ap-northeast-2:560971842042:instance/i-0931822ae9e34609d",
            "associate_public_ip_address": false,
            "availability_zone": "ap-northeast-2a",
            "capacity_reservation_specification": [
              {
                "capacity_reservation_preference": "open",
                "capacity_reservation_target": []
              }
            ],
            "cpu_core_count": 1,
            "cpu_threads_per_core": 1,
            "credit_specification": [
              {
                "cpu_credits": "standard"
              }
            ],
            "disable_api_termination": false,
            "ebs_block_device": [],
            "ebs_optimized": false,
            "enclave_options": [
              {
                "enabled": false
              }
            ],
            "ephemeral_block_device": [],
            "get_password_data": false,
            "hibernation": false,
            "host_id": null,
            "iam_instance_profile": "",
            "id": "i-0931822ae9e34609d",
            "instance_initiated_shutdown_behavior": "stop",
            "instance_state": "running",
            "instance_type": "t2.micro",
            "ipv6_address_count": 0,
            "ipv6_addresses": [],
            "key_name": "var.key",
            "launch_template": [],
            "metadata_options": [
              {
                "http_endpoint": "enabled",
                "http_put_response_hop_limit": 1,
                "http_tokens": "optional"
              }
            ],
            "monitoring": false,
            "network_interface": [],
            "outpost_arn": "",
            "password_data": "",
            "placement_group": "",
            "placement_partition_number": null,
            "primary_network_interface_id": "eni-0428e642315f265df",
            "private_dns": "ip-10-0-0-11.ap-northeast-2.compute.internal",
            "private_ip": "10.0.0.11",
            "public_dns": "",
            "public_ip": "",
            "root_block_device": [
              {
                "delete_on_termination": true,
                "device_name": "/dev/xvda",
                "encrypted": false,
                "iops": 100,
                "kms_key_id": "",
                "tags": {},
                "throughput": 0,
                "volume_id": "vol-0b64624f48f1614b3",
                "volume_size": 8,
                "volume_type": "gp2"
              }
            ],
            "secondary_private_ips": [],
            "security_groups": [],
            "source_dest_check": true,
            "subnet_id": "subnet-0513e8b2a3fc3d637",
            "tags": {
              "Name": "kang-web"
            },
            "tags_all": {
              "Name": "kang-web"
            },
            "tenancy": "default",
            "timeouts": null,
            "user_data": "6e2bfa4ffa7e3d4d42d537d0ac19ed927c8536dd",
            "user_data_base64": null,
            "volume_tags": null,
            "vpc_security_group_ids": [
              "sg-0842a9d5b30056430"
            ]
          },
          "sensitive_attributes": [],
          "private": "eyJlMmJmYjczMC1lY2FhLTExZTYtOGY4OC0zNDM2M2JjN2M0YzAiOnsiY3JlYXRlIjo2MDAwMDAwMDAwMDAsImRlbGV0ZSI6MTIwMDAwMDAwMDAwMCwidXBkYXRlIjo2MDAwMDAwMDAwMDB9LCJzY2hlbWFfdmVyc2lvbiI6IjEifQ==",
          "dependencies": [
            "module.stage.aws_security_group.kang_websg",
            "module.stage.aws_subnet.kang_pub",
            "module.stage.aws_vpc.kang_vpc"
          ],
          "create_before_destroy": true
        }
      ]
    },
    {
      "module": "module.stage",
      "mode": "managed",
      "type": "aws_internet_gateway",
      "name": "kang_ig",
      "provider": "module.stage.provider[\"registry.terraform.io/hashicorp/aws\"]",
      "instances": [
        {
          "schema_version": 0,
          "attributes": {
            "arn": "arn:aws:ec2:ap-northeast-2:560971842042:internet-gateway/igw-0e5f496925714f259",
            "id": "igw-0e5f496925714f259",
            "owner_id": "560971842042",
            "tags": {
              "Name": "kang-ig"
            },
            "tags_all": {
              "Name": "kang-ig"
            },
            "vpc_id": "vpc-0e2078131b2307c8a"
          },
          "sensitive_attributes": [],
          "private": "bnVsbA==",
          "dependencies": [
            "module.stage.aws_vpc.kang_vpc"
          ]
        }
      ]
    },
    {
      "module": "module.stage",
      "mode": "managed",
      "type": "aws_key_pair",
      "name": "kang_key",
      "provider": "module.stage.provider[\"registry.terraform.io/hashicorp/aws\"]",
      "instances": [
        {
          "schema_version": 1,
          "attributes": {
            "arn": "arn:aws:ec2:ap-northeast-2:560971842042:key-pair/var.key",
            "fingerprint": "3b:80:87:85:0e:7d:e3:c5:12:4b:31:0c:91:50:98:60",
            "id": "var.key",
            "key_name": "var.key",
            "key_name_prefix": null,
            "key_pair_id": "key-0f91897ce355b9d35",
            "public_key": "ssh-rsa AAAAB3NzaC1yc2EAAAADAQABAAABgQC3+3sbKiDlKIV4/JLFD4jzTefJGfPmfZgpunaxAS6kFsZfXlte/ovThkC5kQu72wKE7jNNKGUiFlJYmLbitPWt/1IO0lBED+faSXGB0ppkH74PsOUdDYDDKrGO+GLhAvDr0XYzoqmfBAmsV52Qoku637XCQw51X9SF42hg4UWDFjlahf1//x+Fkw6fkiNSGhWF67i0C7rOkwKRGNcP523rj3laSFfe1J5yhxpqv6gEiGP6JVEX7q0/7PfmlLlzX/9U9q+82EENlLZB6BBFWlY8zkJ2ojlu08IPD4s3w5Sfvw24HXSqmxVJ1rEryM9M6DAg89N4v1MpAgTIeguVcbtyMJzraVSRm6n4SGRJcsou56cXG/s30qYvO7wuq4r9x7Nf57WEv5xOkeIVX6wQC7WU/S3qS9Czbf4ta5NOwgIFXS3WUm0NkuS0RaZrRMrWnwkwH338879v9ZMMeQJXfme7HrhDgMs9woJ0r1h0bBgvIrtHKm9vFsfVvKYMoic3Zxc= user@LAPTOP-CISI8I61",
            "tags": null,
            "tags_all": {}
          },
          "sensitive_attributes": [],
          "private": "eyJzY2hlbWFfdmVyc2lvbiI6IjEifQ=="
        }
      ]
    },
    {
      "module": "module.stage",
      "mode": "managed",
      "type": "aws_launch_configuration",
      "name": "kang_lacf",
      "provider": "module.stage.provider[\"registry.terraform.io/hashicorp/aws\"]",
      "instances": [
        {
          "schema_version": 0,
          "attributes": {
            "arn": "arn:aws:autoscaling:ap-northeast-2:560971842042:launchConfiguration:276e2dda-0b26-4da6-8eb2-99998b800413:launchConfigurationName/kang-web",
            "associate_public_ip_address": false,
            "ebs_block_device": [],
            "ebs_optimized": false,
            "enable_monitoring": true,
            "ephemeral_block_device": [],
            "iam_instance_profile": "admin_role",
            "id": "kang-web",
            "image_id": "ami-03cee3fd169b7933e",
            "instance_type": "t2.micro",
            "key_name": "var.key",
            "metadata_options": [],
            "name": "kang-web",
            "name_prefix": "",
            "placement_tenancy": null,
            "root_block_device": [],
            "security_groups": [
              "sg-0842a9d5b30056430"
            ],
            "spot_price": "",
            "user_data": "6e2bfa4ffa7e3d4d42d537d0ac19ed927c8536dd",
            "user_data_base64": null,
            "vpc_classic_link_id": "",
            "vpc_classic_link_security_groups": null
          },
          "sensitive_attributes": [],
          "private": "bnVsbA==",
          "dependencies": [
            "module.stage.aws_ami_from_instance.kang_ami",
            "module.stage.aws_instance.kang_weba",
            "module.stage.aws_security_group.kang_websg",
            "module.stage.aws_subnet.kang_pub",
            "module.stage.aws_vpc.kang_vpc"
          ],
          "create_before_destroy": true
        }
      ]
    },
    {
      "module": "module.stage",
      "mode": "managed",
      "type": "aws_lb",
      "name": "kang_lb",
      "provider": "module.stage.provider[\"registry.terraform.io/hashicorp/aws\"]",
      "instances": [
        {
          "schema_version": 0,
          "attributes": {
            "access_logs": [
              {
                "bucket": "",
                "enabled": false,
                "prefix": ""
              }
            ],
            "arn": "arn:aws:elasticloadbalancing:ap-northeast-2:560971842042:loadbalancer/app/kang-alb/b2cccdc22f230d18",
            "arn_suffix": "app/kang-alb/b2cccdc22f230d18",
            "customer_owned_ipv4_pool": "",
            "dns_name": "kang-alb-1273557987.ap-northeast-2.elb.amazonaws.com",
            "drop_invalid_header_fields": false,
            "enable_cross_zone_load_balancing": null,
            "enable_deletion_protection": false,
            "enable_http2": true,
            "id": "arn:aws:elasticloadbalancing:ap-northeast-2:560971842042:loadbalancer/app/kang-alb/b2cccdc22f230d18",
            "idle_timeout": 60,
            "internal": false,
            "ip_address_type": "ipv4",
            "load_balancer_type": "application",
            "name": "kang-alb",
            "name_prefix": null,
            "security_groups": [
              "sg-0842a9d5b30056430"
            ],
            "subnet_mapping": [
              {
                "allocation_id": "",
                "ipv6_address": "",
                "outpost_id": "",
                "private_ipv4_address": "",
                "subnet_id": "subnet-0513e8b2a3fc3d637"
              },
              {
                "allocation_id": "",
                "ipv6_address": "",
                "outpost_id": "",
                "private_ipv4_address": "",
                "subnet_id": "subnet-0b919eb7658c1cf12"
              }
            ],
            "subnets": [
              "subnet-0513e8b2a3fc3d637",
              "subnet-0b919eb7658c1cf12"
            ],
            "tags": {
              "Name": "kang-alb"
            },
            "tags_all": {
              "Name": "kang-alb"
            },
            "timeouts": null,
            "vpc_id": "vpc-0e2078131b2307c8a",
            "zone_id": "ZWKZPGTI48KDX"
          },
          "sensitive_attributes": [],
          "private": "eyJlMmJmYjczMC1lY2FhLTExZTYtOGY4OC0zNDM2M2JjN2M0YzAiOnsiY3JlYXRlIjo2MDAwMDAwMDAwMDAsImRlbGV0ZSI6NjAwMDAwMDAwMDAwLCJ1cGRhdGUiOjYwMDAwMDAwMDAwMH19",
          "dependencies": [
            "module.stage.aws_security_group.kang_websg",
            "module.stage.aws_subnet.kang_pub",
            "module.stage.aws_vpc.kang_vpc"
          ]
        }
      ]
    },
    {
      "module": "module.stage",
      "mode": "managed",
      "type": "aws_lb_listener",
      "name": "kang_lblist",
      "provider": "module.stage.provider[\"registry.terraform.io/hashicorp/aws\"]",
      "instances": [
        {
          "schema_version": 0,
          "attributes": {
            "alpn_policy": null,
            "arn": "arn:aws:elasticloadbalancing:ap-northeast-2:560971842042:listener/app/kang-alb/b2cccdc22f230d18/fe3a353f4b1dd92f",
            "certificate_arn": null,
            "default_action": [
              {
                "authenticate_cognito": [],
                "authenticate_oidc": [],
                "fixed_response": [],
                "forward": [],
                "order": 1,
                "redirect": [],
                "target_group_arn": "arn:aws:elasticloadbalancing:ap-northeast-2:560971842042:targetgroup/kang-lbtg/952be0d38ffee682",
                "type": "forward"
              }
            ],
            "id": "arn:aws:elasticloadbalancing:ap-northeast-2:560971842042:listener/app/kang-alb/b2cccdc22f230d18/fe3a353f4b1dd92f",
            "load_balancer_arn": "arn:aws:elasticloadbalancing:ap-northeast-2:560971842042:loadbalancer/app/kang-alb/b2cccdc22f230d18",
            "port": 80,
            "protocol": "HTTP",
            "ssl_policy": "",
            "tags": null,
            "tags_all": {},
            "timeouts": null
          },
          "sensitive_attributes": [],
          "private": "eyJlMmJmYjczMC1lY2FhLTExZTYtOGY4OC0zNDM2M2JjN2M0YzAiOnsicmVhZCI6NjAwMDAwMDAwMDAwfX0=",
          "dependencies": [
            "module.stage.aws_lb.kang_lb",
            "module.stage.aws_lb_target_group.kang_lbtg",
            "module.stage.aws_security_group.kang_websg",
            "module.stage.aws_subnet.kang_pub",
            "module.stage.aws_vpc.kang_vpc"
          ]
        }
      ]
    },
    {
      "module": "module.stage",
      "mode": "managed",
      "type": "aws_lb_target_group",
      "name": "kang_lbtg",
      "provider": "module.stage.provider[\"registry.terraform.io/hashicorp/aws\"]",
      "instances": [
        {
          "schema_version": 0,
          "attributes": {
            "arn": "arn:aws:elasticloadbalancing:ap-northeast-2:560971842042:targetgroup/kang-lbtg/952be0d38ffee682",
            "arn_suffix": "targetgroup/kang-lbtg/952be0d38ffee682",
            "deregistration_delay": "300",
            "health_check": [
              {
                "enabled": true,
                "healthy_threshold": 3,
                "interval": 5,
                "matcher": "200",
                "path": "/health.html",
                "port": "traffic-port",
                "protocol": "HTTP",
                "timeout": 2,
                "unhealthy_threshold": 2
              }
            ],
            "id": "arn:aws:elasticloadbalancing:ap-northeast-2:560971842042:targetgroup/kang-lbtg/952be0d38ffee682",
            "lambda_multi_value_headers_enabled": false,
            "load_balancing_algorithm_type": "round_robin",
            "name": "kang-lbtg",
            "name_prefix": null,
            "port": 80,
            "preserve_client_ip": null,
            "protocol": "HTTP",
            "protocol_version": "HTTP1",
            "proxy_protocol_v2": false,
            "slow_start": 0,
            "stickiness": [
              {
                "cookie_duration": 86400,
                "cookie_name": "",
                "enabled": false,
                "type": "lb_cookie"
              }
            ],
            "tags": null,
            "tags_all": {},
            "target_type": "instance",
            "vpc_id": "vpc-0e2078131b2307c8a"
          },
          "sensitive_attributes": [],
          "private": "bnVsbA==",
          "dependencies": [
            "module.stage.aws_vpc.kang_vpc"
          ]
        }
      ]
    },
    {
      "module": "module.stage",
      "mode": "managed",
      "type": "aws_lb_target_group_attachment",
      "name": "kang_lbtg_att",
      "provider": "module.stage.provider[\"registry.terraform.io/hashicorp/aws\"]",
      "instances": [
        {
          "schema_version": 0,
          "attributes": {
            "availability_zone": null,
            "id": "arn:aws:elasticloadbalancing:ap-northeast-2:560971842042:targetgroup/kang-lbtg/952be0d38ffee682-20211102012015532000000001",
            "port": 80,
            "target_group_arn": "arn:aws:elasticloadbalancing:ap-northeast-2:560971842042:targetgroup/kang-lbtg/952be0d38ffee682",
            "target_id": "i-0931822ae9e34609d"
          },
          "sensitive_attributes": [],
          "private": "bnVsbA==",
          "dependencies": [
            "module.stage.aws_instance.kang_weba",
            "module.stage.aws_lb_target_group.kang_lbtg",
            "module.stage.aws_security_group.kang_websg",
            "module.stage.aws_subnet.kang_pub",
            "module.stage.aws_vpc.kang_vpc"
          ]
        }
      ]
    },
    {
      "module": "module.stage",
      "mode": "managed",
      "type": "aws_nat_gateway",
      "name": "kang_nga",
      "provider": "module.stage.provider[\"registry.terraform.io/hashicorp/aws\"]",
      "instances": [
        {
          "schema_version": 0,
          "attributes": {
            "allocation_id": "eipalloc-05ce6397d749db681",
            "connectivity_type": "public",
            "id": "nat-0db69d57b132a74f7",
            "network_interface_id": "eni-0b72e98c8dd3b2cb0",
            "private_ip": "10.0.0.187",
            "public_ip": "3.36.238.88",
            "subnet_id": "subnet-0513e8b2a3fc3d637",
            "tags": {
              "Name": "kang-nga-a"
            },
            "tags_all": {
              "Name": "kang-nga-a"
            }
          },
          "sensitive_attributes": [],
          "private": "bnVsbA==",
          "dependencies": [
            "module.stage.aws_eip.lb_ip_a",
            "module.stage.aws_subnet.kang_pub",
            "module.stage.aws_vpc.kang_vpc"
          ]
        }
      ]
    },
    {
      "module": "module.stage",
      "mode": "managed",
      "type": "aws_placement_group",
      "name": "kang_pg",
      "provider": "module.stage.provider[\"registry.terraform.io/hashicorp/aws\"]",
      "instances": [
        {
          "schema_version": 0,
          "attributes": {
            "arn": "arn:aws:ec2:ap-northeast-2:560971842042:placement-group/kang-pg",
            "id": "kang-pg",
            "name": "kang-pg",
            "partition_count": 0,
            "placement_group_id": "pg-00c1071d0a3db5e81",
            "strategy": "cluster",
            "tags": null,
            "tags_all": {}
          },
          "sensitive_attributes": [],
          "private": "bnVsbA=="
        }
      ]
    },
    {
      "module": "module.stage",
      "mode": "managed",
      "type": "aws_route_table",
      "name": "kang_ngart",
      "provider": "module.stage.provider[\"registry.terraform.io/hashicorp/aws\"]",
      "instances": [
        {
          "schema_version": 0,
          "attributes": {
            "arn": "arn:aws:ec2:ap-northeast-2:560971842042:route-table/rtb-0b19b110be60180f2",
            "id": "rtb-0b19b110be60180f2",
            "owner_id": "560971842042",
            "propagating_vgws": [],
            "route": [
              {
                "carrier_gateway_id": "",
                "cidr_block": "0.0.0.0/0",
                "destination_prefix_list_id": "",
                "egress_only_gateway_id": "",
                "gateway_id": "nat-0db69d57b132a74f7",
                "instance_id": "",
                "ipv6_cidr_block": "",
                "local_gateway_id": "",
                "nat_gateway_id": "",
                "network_interface_id": "",
                "transit_gateway_id": "",
                "vpc_endpoint_id": "",
                "vpc_peering_connection_id": ""
              }
            ],
            "tags": {
              "Name": "kang-nga-rta"
            },
            "tags_all": {
              "Name": "kang-nga-rta"
            },
            "timeouts": null,
            "vpc_id": "vpc-0e2078131b2307c8a"
          },
          "sensitive_attributes": [],
          "private": "eyJlMmJmYjczMC1lY2FhLTExZTYtOGY4OC0zNDM2M2JjN2M0YzAiOnsiY3JlYXRlIjoxMjAwMDAwMDAwMDAsImRlbGV0ZSI6MzAwMDAwMDAwMDAwLCJ1cGRhdGUiOjEyMDAwMDAwMDAwMH19",
          "dependencies": [
            "module.stage.aws_eip.lb_ip_a",
            "module.stage.aws_nat_gateway.kang_nga",
            "module.stage.aws_subnet.kang_pub",
            "module.stage.aws_vpc.kang_vpc"
          ]
        }
      ]
    },
    {
      "module": "module.stage",
      "mode": "managed",
      "type": "aws_route_table",
      "name": "kang_rt",
      "provider": "module.stage.provider[\"registry.terraform.io/hashicorp/aws\"]",
      "instances": [
        {
          "schema_version": 0,
          "attributes": {
            "arn": "arn:aws:ec2:ap-northeast-2:560971842042:route-table/rtb-00845bcabed256fbf",
            "id": "rtb-00845bcabed256fbf",
            "owner_id": "560971842042",
            "propagating_vgws": [],
            "route": [
              {
                "carrier_gateway_id": "",
                "cidr_block": "0.0.0.0/0",
                "destination_prefix_list_id": "",
                "egress_only_gateway_id": "",
                "gateway_id": "igw-0e5f496925714f259",
                "instance_id": "",
                "ipv6_cidr_block": "",
                "local_gateway_id": "",
                "nat_gateway_id": "",
                "network_interface_id": "",
                "transit_gateway_id": "",
                "vpc_endpoint_id": "",
                "vpc_peering_connection_id": ""
              }
            ],
            "tags": {
              "Name": "kang-rt"
            },
            "tags_all": {
              "Name": "kang-rt"
            },
            "timeouts": null,
            "vpc_id": "vpc-0e2078131b2307c8a"
          },
          "sensitive_attributes": [],
          "private": "eyJlMmJmYjczMC1lY2FhLTExZTYtOGY4OC0zNDM2M2JjN2M0YzAiOnsiY3JlYXRlIjoxMjAwMDAwMDAwMDAsImRlbGV0ZSI6MzAwMDAwMDAwMDAwLCJ1cGRhdGUiOjEyMDAwMDAwMDAwMH19",
          "dependencies": [
            "module.stage.aws_internet_gateway.kang_ig",
            "module.stage.aws_vpc.kang_vpc"
          ]
        }
      ]
    },
    {
      "module": "module.stage",
      "mode": "managed",
      "type": "aws_route_table_association",
      "name": "kang_ngartas",
      "provider": "module.stage.provider[\"registry.terraform.io/hashicorp/aws\"]",
      "instances": [
        {
          "schema_version": 0,
          "attributes": {
            "gateway_id": "",
            "id": "rtbassoc-0988422227f158a97",
            "route_table_id": "rtb-0b19b110be60180f2",
            "subnet_id": "subnet-08bc460307ce3fdd2"
          },
          "sensitive_attributes": [],
          "private": "bnVsbA==",
          "dependencies": [
            "module.stage.aws_eip.lb_ip_a",
            "module.stage.aws_nat_gateway.kang_nga",
            "module.stage.aws_route_table.kang_ngart",
            "module.stage.aws_subnet.kang_pri",
            "module.stage.aws_subnet.kang_pub",
            "module.stage.aws_vpc.kang_vpc"
          ]
        }
      ]
    },
    {
      "module": "module.stage",
      "mode": "managed",
      "type": "aws_route_table_association",
      "name": "kang_rtas_a",
      "provider": "module.stage.provider[\"registry.terraform.io/hashicorp/aws\"]",
      "instances": [
        {
          "index_key": 0,
          "schema_version": 0,
          "attributes": {
            "gateway_id": "",
            "id": "rtbassoc-0b9193128c02847dc",
            "route_table_id": "rtb-00845bcabed256fbf",
            "subnet_id": "subnet-0513e8b2a3fc3d637"
          },
          "sensitive_attributes": [],
          "private": "bnVsbA==",
          "dependencies": [
            "module.stage.aws_internet_gateway.kang_ig",
            "module.stage.aws_route_table.kang_rt",
            "module.stage.aws_subnet.kang_pub",
            "module.stage.aws_vpc.kang_vpc"
          ]
        },
        {
          "index_key": 1,
          "schema_version": 0,
          "attributes": {
            "gateway_id": "",
            "id": "rtbassoc-0a3569cca28e10352",
            "route_table_id": "rtb-00845bcabed256fbf",
            "subnet_id": "subnet-0b919eb7658c1cf12"
          },
          "sensitive_attributes": [],
          "private": "bnVsbA==",
          "dependencies": [
            "module.stage.aws_internet_gateway.kang_ig",
            "module.stage.aws_route_table.kang_rt",
            "module.stage.aws_subnet.kang_pub",
            "module.stage.aws_vpc.kang_vpc"
          ]
        }
      ]
    },
    {
      "module": "module.stage",
      "mode": "managed",
      "type": "aws_security_group",
      "name": "kang_websg",
      "provider": "module.stage.provider[\"registry.terraform.io/hashicorp/aws\"]",
      "instances": [
        {
          "schema_version": 1,
          "attributes": {
            "arn": "arn:aws:ec2:ap-northeast-2:560971842042:security-group/sg-0842a9d5b30056430",
            "description": "http-ssh-icmp",
            "egress": [
              {
                "cidr_blocks": [
                  "0.0.0.0/0"
                ],
                "description": "All",
                "from_port": 0,
                "ipv6_cidr_blocks": [
                  "::/0"
                ],
                "prefix_list_ids": [],
                "protocol": "-1",
                "security_groups": [],
                "self": false,
                "to_port": 0
              }
            ],
            "id": "sg-0842a9d5b30056430",
            "ingress": [
              {
                "cidr_blocks": [
                  "0.0.0.0/0"
                ],
                "description": "http",
                "from_port": 80,
                "ipv6_cidr_blocks": [
                  "::/0"
                ],
                "prefix_list_ids": [],
                "protocol": "tcp",
                "security_groups": [],
                "self": false,
                "to_port": 80
              },
              {
                "cidr_blocks": [
                  "0.0.0.0/0"
                ],
                "description": "icmp",
                "from_port": -1,
                "ipv6_cidr_blocks": [
                  "::/0"
                ],
                "prefix_list_ids": [],
                "protocol": "icmp",
                "security_groups": [],
                "self": false,
                "to_port": -1
              },
              {
                "cidr_blocks": [
                  "0.0.0.0/0"
                ],
                "description": "mysql",
                "from_port": 3306,
                "ipv6_cidr_blocks": [
                  "::/0"
                ],
                "prefix_list_ids": [],
                "protocol": "tcp",
                "security_groups": [],
                "self": false,
                "to_port": 3306
              },
              {
                "cidr_blocks": [
                  "0.0.0.0/0"
                ],
                "description": "ssh",
                "from_port": 22,
                "ipv6_cidr_blocks": [
                  "::/0"
                ],
                "prefix_list_ids": [],
                "protocol": "tcp",
                "security_groups": [],
                "self": false,
                "to_port": 22
              }
            ],
            "name": "Allow-WEB",
            "name_prefix": "",
            "owner_id": "560971842042",
            "revoke_rules_on_delete": false,
            "tags": {
              "Name": "kang-sg"
            },
            "tags_all": {
              "Name": "kang-sg"
            },
            "timeouts": null,
            "vpc_id": "vpc-0e2078131b2307c8a"
          },
          "sensitive_attributes": [],
          "private": "eyJlMmJmYjczMC1lY2FhLTExZTYtOGY4OC0zNDM2M2JjN2M0YzAiOnsiY3JlYXRlIjo2MDAwMDAwMDAwMDAsImRlbGV0ZSI6OTAwMDAwMDAwMDAwfSwic2NoZW1hX3ZlcnNpb24iOiIxIn0=",
          "dependencies": [
            "module.stage.aws_vpc.kang_vpc"
          ],
          "create_before_destroy": true
        }
      ]
    },
    {
      "module": "module.stage",
      "mode": "managed",
      "type": "aws_subnet",
      "name": "kang_pri",
      "provider": "module.stage.provider[\"registry.terraform.io/hashicorp/aws\"]",
      "instances": [
        {
          "index_key": 0,
          "schema_version": 1,
          "attributes": {
            "arn": "arn:aws:ec2:ap-northeast-2:560971842042:subnet/subnet-08bc460307ce3fdd2",
            "assign_ipv6_address_on_creation": false,
            "availability_zone": "ap-northeast-2a",
            "availability_zone_id": "apne2-az1",
            "cidr_block": "10.0.1.0/24",
            "customer_owned_ipv4_pool": "",
            "id": "subnet-08bc460307ce3fdd2",
            "ipv6_cidr_block": "",
            "ipv6_cidr_block_association_id": "",
            "map_customer_owned_ip_on_launch": false,
            "map_public_ip_on_launch": false,
            "outpost_arn": "",
            "owner_id": "560971842042",
            "tags": {
              "Name": "pri-a"
            },
            "tags_all": {
              "Name": "pri-a"
            },
            "timeouts": null,
            "vpc_id": "vpc-0e2078131b2307c8a"
          },
          "sensitive_attributes": [],
          "private": "eyJlMmJmYjczMC1lY2FhLTExZTYtOGY4OC0zNDM2M2JjN2M0YzAiOnsiY3JlYXRlIjo2MDAwMDAwMDAwMDAsImRlbGV0ZSI6MTIwMDAwMDAwMDAwMH0sInNjaGVtYV92ZXJzaW9uIjoiMSJ9",
          "dependencies": [
            "module.stage.aws_vpc.kang_vpc"
          ]
        },
        {
          "index_key": 1,
          "schema_version": 1,
          "attributes": {
            "arn": "arn:aws:ec2:ap-northeast-2:560971842042:subnet/subnet-0b2fa5d92322057c0",
            "assign_ipv6_address_on_creation": false,
            "availability_zone": "ap-northeast-2c",
            "availability_zone_id": "apne2-az3",
            "cidr_block": "10.0.3.0/24",
            "customer_owned_ipv4_pool": "",
            "id": "subnet-0b2fa5d92322057c0",
            "ipv6_cidr_block": "",
            "ipv6_cidr_block_association_id": "",
            "map_customer_owned_ip_on_launch": false,
            "map_public_ip_on_launch": false,
            "outpost_arn": "",
            "owner_id": "560971842042",
            "tags": {
              "Name": "pri-c"
            },
            "tags_all": {
              "Name": "pri-c"
            },
            "timeouts": null,
            "vpc_id": "vpc-0e2078131b2307c8a"
          },
          "sensitive_attributes": [],
          "private": "eyJlMmJmYjczMC1lY2FhLTExZTYtOGY4OC0zNDM2M2JjN2M0YzAiOnsiY3JlYXRlIjo2MDAwMDAwMDAwMDAsImRlbGV0ZSI6MTIwMDAwMDAwMDAwMH0sInNjaGVtYV92ZXJzaW9uIjoiMSJ9",
          "dependencies": [
            "module.stage.aws_vpc.kang_vpc"
          ]
        }
      ]
    },
    {
      "module": "module.stage",
      "mode": "managed",
      "type": "aws_subnet",
      "name": "kang_pridb",
      "provider": "module.stage.provider[\"registry.terraform.io/hashicorp/aws\"]",
      "instances": [
        {
          "index_key": 0,
          "schema_version": 1,
          "attributes": {
            "arn": "arn:aws:ec2:ap-northeast-2:560971842042:subnet/subnet-04f1879e324166800",
            "assign_ipv6_address_on_creation": false,
            "availability_zone": "ap-northeast-2a",
            "availability_zone_id": "apne2-az1",
            "cidr_block": "10.0.4.0/24",
            "customer_owned_ipv4_pool": "",
            "id": "subnet-04f1879e324166800",
            "ipv6_cidr_block": "",
            "ipv6_cidr_block_association_id": "",
            "map_customer_owned_ip_on_launch": false,
            "map_public_ip_on_launch": false,
            "outpost_arn": "",
            "owner_id": "560971842042",
            "tags": {
              "Name": "pridb-a"
            },
            "tags_all": {
              "Name": "pridb-a"
            },
            "timeouts": null,
            "vpc_id": "vpc-0e2078131b2307c8a"
          },
          "sensitive_attributes": [],
          "private": "eyJlMmJmYjczMC1lY2FhLTExZTYtOGY4OC0zNDM2M2JjN2M0YzAiOnsiY3JlYXRlIjo2MDAwMDAwMDAwMDAsImRlbGV0ZSI6MTIwMDAwMDAwMDAwMH0sInNjaGVtYV92ZXJzaW9uIjoiMSJ9",
          "dependencies": [
            "module.stage.aws_vpc.kang_vpc"
          ]
        },
        {
          "index_key": 1,
          "schema_version": 1,
          "attributes": {
            "arn": "arn:aws:ec2:ap-northeast-2:560971842042:subnet/subnet-0bda2b73f7ac5fb65",
            "assign_ipv6_address_on_creation": false,
            "availability_zone": "ap-northeast-2c",
            "availability_zone_id": "apne2-az3",
            "cidr_block": "10.0.5.0/24",
            "customer_owned_ipv4_pool": "",
            "id": "subnet-0bda2b73f7ac5fb65",
            "ipv6_cidr_block": "",
            "ipv6_cidr_block_association_id": "",
            "map_customer_owned_ip_on_launch": false,
            "map_public_ip_on_launch": false,
            "outpost_arn": "",
            "owner_id": "560971842042",
            "tags": {
              "Name": "pridb-c"
            },
            "tags_all": {
              "Name": "pridb-c"
            },
            "timeouts": null,
            "vpc_id": "vpc-0e2078131b2307c8a"
          },
          "sensitive_attributes": [],
          "private": "eyJlMmJmYjczMC1lY2FhLTExZTYtOGY4OC0zNDM2M2JjN2M0YzAiOnsiY3JlYXRlIjo2MDAwMDAwMDAwMDAsImRlbGV0ZSI6MTIwMDAwMDAwMDAwMH0sInNjaGVtYV92ZXJzaW9uIjoiMSJ9",
          "dependencies": [
            "module.stage.aws_vpc.kang_vpc"
          ]
        }
      ]
    },
    {
      "module": "module.stage",
      "mode": "managed",
      "type": "aws_subnet",
      "name": "kang_pub",
      "provider": "module.stage.provider[\"registry.terraform.io/hashicorp/aws\"]",
      "instances": [
        {
          "index_key": 0,
          "schema_version": 1,
          "attributes": {
            "arn": "arn:aws:ec2:ap-northeast-2:560971842042:subnet/subnet-0513e8b2a3fc3d637",
            "assign_ipv6_address_on_creation": false,
            "availability_zone": "ap-northeast-2a",
            "availability_zone_id": "apne2-az1",
            "cidr_block": "10.0.0.0/24",
            "customer_owned_ipv4_pool": "",
            "id": "subnet-0513e8b2a3fc3d637",
            "ipv6_cidr_block": "",
            "ipv6_cidr_block_association_id": "",
            "map_customer_owned_ip_on_launch": false,
            "map_public_ip_on_launch": false,
            "outpost_arn": "",
            "owner_id": "560971842042",
            "tags": {
              "Name": "pub-a"
            },
            "tags_all": {
              "Name": "pub-a"
            },
            "timeouts": null,
            "vpc_id": "vpc-0e2078131b2307c8a"
          },
          "sensitive_attributes": [],
          "private": "eyJlMmJmYjczMC1lY2FhLTExZTYtOGY4OC0zNDM2M2JjN2M0YzAiOnsiY3JlYXRlIjo2MDAwMDAwMDAwMDAsImRlbGV0ZSI6MTIwMDAwMDAwMDAwMH0sInNjaGVtYV92ZXJzaW9uIjoiMSJ9",
          "dependencies": [
            "module.stage.aws_vpc.kang_vpc"
          ],
          "create_before_destroy": true
        },
        {
          "index_key": 1,
          "schema_version": 1,
          "attributes": {
            "arn": "arn:aws:ec2:ap-northeast-2:560971842042:subnet/subnet-0b919eb7658c1cf12",
            "assign_ipv6_address_on_creation": false,
            "availability_zone": "ap-northeast-2c",
            "availability_zone_id": "apne2-az3",
            "cidr_block": "10.0.2.0/24",
            "customer_owned_ipv4_pool": "",
            "id": "subnet-0b919eb7658c1cf12",
            "ipv6_cidr_block": "",
            "ipv6_cidr_block_association_id": "",
            "map_customer_owned_ip_on_launch": false,
            "map_public_ip_on_launch": false,
            "outpost_arn": "",
            "owner_id": "560971842042",
            "tags": {
              "Name": "pub-c"
            },
            "tags_all": {
              "Name": "pub-c"
            },
            "timeouts": null,
            "vpc_id": "vpc-0e2078131b2307c8a"
          },
          "sensitive_attributes": [],
          "private": "eyJlMmJmYjczMC1lY2FhLTExZTYtOGY4OC0zNDM2M2JjN2M0YzAiOnsiY3JlYXRlIjo2MDAwMDAwMDAwMDAsImRlbGV0ZSI6MTIwMDAwMDAwMDAwMH0sInNjaGVtYV92ZXJzaW9uIjoiMSJ9",
          "dependencies": [
            "module.stage.aws_vpc.kang_vpc"
          ]
        }
      ]
    },
    {
      "module": "module.stage",
      "mode": "managed",
      "type": "aws_vpc",
      "name": "kang_vpc",
      "provider": "module.stage.provider[\"registry.terraform.io/hashicorp/aws\"]",
      "instances": [
        {
          "schema_version": 1,
          "attributes": {
            "arn": "arn:aws:ec2:ap-northeast-2:560971842042:vpc/vpc-0e2078131b2307c8a",
            "assign_generated_ipv6_cidr_block": false,
            "cidr_block": "10.0.0.0/16",
            "default_network_acl_id": "acl-09f344c9ea3aa24d7",
            "default_route_table_id": "rtb-0a5f192930338faef",
            "default_security_group_id": "sg-01f20a283bd9ea335",
            "dhcp_options_id": "dopt-032ab9ef01b1f7333",
            "enable_classiclink": null,
            "enable_classiclink_dns_support": null,
            "enable_dns_hostnames": true,
            "enable_dns_support": true,
            "id": "vpc-0e2078131b2307c8a",
            "instance_tenancy": "default",
            "ipv6_association_id": "",
            "ipv6_cidr_block": "",
            "main_route_table_id": "rtb-0a5f192930338faef",
            "owner_id": "560971842042",
            "tags": {
              "Name": "kang-vpc"
            },
            "tags_all": {
              "Name": "kang-vpc"
            }
          },
          "sensitive_attributes": [],
          "private": "eyJzY2hlbWFfdmVyc2lvbiI6IjEifQ==",
          "create_before_destroy": true
        }
      ]
    }
  ]
}
